// !$*UTF8*$!
{
	archiveVersion = 1;
	classes = {
	};
	objectVersion = 55;
	objects = {

/* Begin PBXBuildFile section */
		811DF3A92754AB2100D6177E /* DescribeTableViewController.swift in Sources */ = {isa = PBXBuildFile; fileRef = 811DF3A82754AB2100D6177E /* DescribeTableViewController.swift */; };
		811DF3AB2754AD6100D6177E /* TreeDescViewController.swift in Sources */ = {isa = PBXBuildFile; fileRef = 811DF3AA2754AD6000D6177E /* TreeDescViewController.swift */; };
		811DF3B6275619CB00D6177E /*  ConversionType.swift in Sources */ = {isa = PBXBuildFile; fileRef = 811DF3B5275619CB00D6177E /*  ConversionType.swift */; };
		811DF3BA27564DD800D6177E /* LeavesTypes.swift in Sources */ = {isa = PBXBuildFile; fileRef = 811DF3B927564DD800D6177E /* LeavesTypes.swift */; };
		815DA39F275763890056D96E /* SaveList.xcdatamodeld in Sources */ = {isa = PBXBuildFile; fileRef = 815DA39D275763890056D96E /* SaveList.xcdatamodeld */; };
		815DA3A527576CA20056D96E /* CDTree+CoreDataClass.swift in Sources */ = {isa = PBXBuildFile; fileRef = 815DA3A327576CA20056D96E /* CDTree+CoreDataClass.swift */; };
		815DA3A627576CA20056D96E /* CDTree+CoreDataProperties.swift in Sources */ = {isa = PBXBuildFile; fileRef = 815DA3A427576CA20056D96E /* CDTree+CoreDataProperties.swift */; };
		815DA3A8275789C60056D96E /* FavoritesTableViewController.swift in Sources */ = {isa = PBXBuildFile; fileRef = 815DA3A7275789C50056D96E /* FavoritesTableViewController.swift */; };
		819343E22753630300831538 /* AppDelegate.swift in Sources */ = {isa = PBXBuildFile; fileRef = 819343E12753630300831538 /* AppDelegate.swift */; };
		819343E42753630300831538 /* SceneDelegate.swift in Sources */ = {isa = PBXBuildFile; fileRef = 819343E32753630300831538 /* SceneDelegate.swift */; };
		819343E62753630300831538 /* ViewController.swift in Sources */ = {isa = PBXBuildFile; fileRef = 819343E52753630300831538 /* ViewController.swift */; };
		819343E92753630300831538 /* Main.storyboard in Resources */ = {isa = PBXBuildFile; fileRef = 819343E72753630300831538 /* Main.storyboard */; };
		819343EB2753630500831538 /* Assets.xcassets in Resources */ = {isa = PBXBuildFile; fileRef = 819343EA2753630500831538 /* Assets.xcassets */; };
		819343EE2753630500831538 /* LaunchScreen.storyboard in Resources */ = {isa = PBXBuildFile; fileRef = 819343EC2753630500831538 /* LaunchScreen.storyboard */; };
		819343F727536F5300831538 /* LoginViewController.swift in Sources */ = {isa = PBXBuildFile; fileRef = 819343F627536F5300831538 /* LoginViewController.swift */; };
		819343FA27536F7D00831538 /* User.swift in Sources */ = {isa = PBXBuildFile; fileRef = 819343F927536F7D00831538 /* User.swift */; };
		819343FC27539F2800831538 /* TreeTableViewController.swift in Sources */ = {isa = PBXBuildFile; fileRef = 819343FB27539F2800831538 /* TreeTableViewController.swift */; };
		819343FE27539FAE00831538 /* ListTableViewCell.swift in Sources */ = {isa = PBXBuildFile; fileRef = 819343FD27539FAE00831538 /* ListTableViewCell.swift */; };
		819344002753ABAE00831538 /* Types.swift in Sources */ = {isa = PBXBuildFile; fileRef = 819343FF2753ABAE00831538 /* Types.swift */; };
/* End PBXBuildFile section */

/* Begin PBXFileReference section */
		811DF3A82754AB2100D6177E /* DescribeTableViewController.swift */ = {isa = PBXFileReference; lastKnownFileType = sourcecode.swift; path = DescribeTableViewController.swift; sourceTree = "<group>"; };
		811DF3AA2754AD6000D6177E /* TreeDescViewController.swift */ = {isa = PBXFileReference; lastKnownFileType = sourcecode.swift; path = TreeDescViewController.swift; sourceTree = "<group>"; };
		811DF3B5275619CB00D6177E /*  ConversionType.swift */ = {isa = PBXFileReference; lastKnownFileType = sourcecode.swift; path = " ConversionType.swift"; sourceTree = "<group>"; };
		811DF3B927564DD800D6177E /* LeavesTypes.swift */ = {isa = PBXFileReference; lastKnownFileType = sourcecode.swift; path = LeavesTypes.swift; sourceTree = "<group>"; };
		815DA39E275763890056D96E /* SaveList.xcdatamodel */ = {isa = PBXFileReference; lastKnownFileType = wrapper.xcdatamodel; path = SaveList.xcdatamodel; sourceTree = "<group>"; };
		815DA3A327576CA20056D96E /* CDTree+CoreDataClass.swift */ = {isa = PBXFileReference; lastKnownFileType = sourcecode.swift; path = "CDTree+CoreDataClass.swift"; sourceTree = "<group>"; };
		815DA3A427576CA20056D96E /* CDTree+CoreDataProperties.swift */ = {isa = PBXFileReference; lastKnownFileType = sourcecode.swift; path = "CDTree+CoreDataProperties.swift"; sourceTree = "<group>"; };
		815DA3A7275789C50056D96E /* FavoritesTableViewController.swift */ = {isa = PBXFileReference; lastKnownFileType = sourcecode.swift; path = FavoritesTableViewController.swift; sourceTree = "<group>"; };
		819343DE2753630300831538 /* Treas.app */ = {isa = PBXFileReference; explicitFileType = wrapper.application; includeInIndex = 0; path = Treas.app; sourceTree = BUILT_PRODUCTS_DIR; };
		819343E12753630300831538 /* AppDelegate.swift */ = {isa = PBXFileReference; lastKnownFileType = sourcecode.swift; path = AppDelegate.swift; sourceTree = "<group>"; };
		819343E32753630300831538 /* SceneDelegate.swift */ = {isa = PBXFileReference; lastKnownFileType = sourcecode.swift; path = SceneDelegate.swift; sourceTree = "<group>"; };
		819343E52753630300831538 /* ViewController.swift */ = {isa = PBXFileReference; lastKnownFileType = sourcecode.swift; path = ViewController.swift; sourceTree = "<group>"; };
		819343E82753630300831538 /* Base */ = {isa = PBXFileReference; lastKnownFileType = file.storyboard; name = Base; path = Base.lproj/Main.storyboard; sourceTree = "<group>"; };
		819343EA2753630500831538 /* Assets.xcassets */ = {isa = PBXFileReference; lastKnownFileType = folder.assetcatalog; path = Assets.xcassets; sourceTree = "<group>"; };
		819343ED2753630500831538 /* Base */ = {isa = PBXFileReference; lastKnownFileType = file.storyboard; name = Base; path = Base.lproj/LaunchScreen.storyboard; sourceTree = "<group>"; };
		819343EF2753630500831538 /* Info.plist */ = {isa = PBXFileReference; lastKnownFileType = text.plist.xml; path = Info.plist; sourceTree = "<group>"; };
		819343F627536F5300831538 /* LoginViewController.swift */ = {isa = PBXFileReference; lastKnownFileType = sourcecode.swift; path = LoginViewController.swift; sourceTree = "<group>"; };
		819343F927536F7D00831538 /* User.swift */ = {isa = PBXFileReference; lastKnownFileType = sourcecode.swift; path = User.swift; sourceTree = "<group>"; };
		819343FB27539F2800831538 /* TreeTableViewController.swift */ = {isa = PBXFileReference; lastKnownFileType = sourcecode.swift; path = TreeTableViewController.swift; sourceTree = "<group>"; };
		819343FD27539FAE00831538 /* ListTableViewCell.swift */ = {isa = PBXFileReference; lastKnownFileType = sourcecode.swift; path = ListTableViewCell.swift; sourceTree = "<group>"; };
		819343FF2753ABAE00831538 /* Types.swift */ = {isa = PBXFileReference; lastKnownFileType = sourcecode.swift; path = Types.swift; sourceTree = "<group>"; };
/* End PBXFileReference section */

/* Begin PBXFrameworksBuildPhase section */
		819343DB2753630300831538 /* Frameworks */ = {
			isa = PBXFrameworksBuildPhase;
			buildActionMask = 2147483647;
			files = (
			);
			runOnlyForDeploymentPostprocessing = 0;
		};
/* End PBXFrameworksBuildPhase section */

/* Begin PBXGroup section */
		815DA3A02757668B0056D96E /* CoreData */ = {
			isa = PBXGroup;
			children = (
				815DA3A427576CA20056D96E /* CDTree+CoreDataProperties.swift */,
				815DA3A327576CA20056D96E /* CDTree+CoreDataClass.swift */,
			);
			path = CoreData;
			sourceTree = "<group>";
		};
		819343D52753630300831538 = {
			isa = PBXGroup;
			children = (
				819343E02753630300831538 /* PROJECT-3_Revision */,
				819343DF2753630300831538 /* Products */,
			);
			sourceTree = "<group>";
		};
		819343DF2753630300831538 /* Products */ = {
			isa = PBXGroup;
			children = (
				819343DE2753630300831538 /* Treas.app */,
			);
			name = Products;
			sourceTree = "<group>";
		};
		819343E02753630300831538 /* PROJECT-3_Revision */ = {
			isa = PBXGroup;
			children = (
				819343F527536F1600831538 /* Controllers */,
				819343E12753630300831538 /* AppDelegate.swift */,
				819343E32753630300831538 /* SceneDelegate.swift */,
				819343E52753630300831538 /* ViewController.swift */,
				819343E72753630300831538 /* Main.storyboard */,
				819343EA2753630500831538 /* Assets.xcassets */,
				819343EC2753630500831538 /* LaunchScreen.storyboard */,
				819343EF2753630500831538 /* Info.plist */,
			);
			path = "PROJECT-3_Revision";
			sourceTree = "<group>";
		};
		819343F527536F1600831538 /* Controllers */ = {
			isa = PBXGroup;
			children = (
				819343F627536F5300831538 /* LoginViewController.swift */,
				819343FB27539F2800831538 /* TreeTableViewController.swift */,
				811DF3A82754AB2100D6177E /* DescribeTableViewController.swift */,
				811DF3AA2754AD6000D6177E /* TreeDescViewController.swift */,
				819343FD27539FAE00831538 /* ListTableViewCell.swift */,
				815DA3A7275789C50056D96E /* FavoritesTableViewController.swift */,
				819343F827536F5A00831538 /* Model */,
				815DA39D275763890056D96E /* SaveList.xcdatamodeld */,
			);
			path = Controllers;
			sourceTree = "<group>";
		};
		819343F827536F5A00831538 /* Model */ = {
			isa = PBXGroup;
			children = (
				819343F927536F7D00831538 /* User.swift */,
				819343FF2753ABAE00831538 /* Types.swift */,
				811DF3B5275619CB00D6177E /*  ConversionType.swift */,
				811DF3B927564DD800D6177E /* LeavesTypes.swift */,
				815DA3A02757668B0056D96E /* CoreData */,
			);
			path = Model;
			sourceTree = "<group>";
		};
/* End PBXGroup section */

/* Begin PBXNativeTarget section */
		819343DD2753630300831538 /* Treas */ = {
			isa = PBXNativeTarget;
			buildConfigurationList = 819343F22753630500831538 /* Build configuration list for PBXNativeTarget "Treas" */;
			buildPhases = (
				819343DA2753630300831538 /* Sources */,
				819343DB2753630300831538 /* Frameworks */,
				819343DC2753630300831538 /* Resources */,
			);
			buildRules = (
			);
			dependencies = (
			);
			name = Treas;
			productName = "PROJECT-3_Revision";
			productReference = 819343DE2753630300831538 /* Treas.app */;
			productType = "com.apple.product-type.application";
		};
/* End PBXNativeTarget section */

/* Begin PBXProject section */
		819343D62753630300831538 /* Project object */ = {
			isa = PBXProject;
			attributes = {
				BuildIndependentTargetsInParallel = 1;
				LastSwiftUpdateCheck = 1310;
				LastUpgradeCheck = 1310;
				TargetAttributes = {
					819343DD2753630300831538 = {
						CreatedOnToolsVersion = 13.1;
					};
				};
			};
			buildConfigurationList = 819343D92753630300831538 /* Build configuration list for PBXProject "Treas" */;
			compatibilityVersion = "Xcode 13.0";
			developmentRegion = en;
			hasScannedForEncodings = 0;
			knownRegions = (
				en,
				Base,
			);
			mainGroup = 819343D52753630300831538;
			productRefGroup = 819343DF2753630300831538 /* Products */;
			projectDirPath = "";
			projectRoot = "";
			targets = (
				819343DD2753630300831538 /* Treas */,
			);
		};
/* End PBXProject section */

/* Begin PBXResourcesBuildPhase section */
		819343DC2753630300831538 /* Resources */ = {
			isa = PBXResourcesBuildPhase;
			buildActionMask = 2147483647;
			files = (
				819343EE2753630500831538 /* LaunchScreen.storyboard in Resources */,
				819343EB2753630500831538 /* Assets.xcassets in Resources */,
				819343E92753630300831538 /* Main.storyboard in Resources */,
			);
			runOnlyForDeploymentPostprocessing = 0;
		};
/* End PBXResourcesBuildPhase section */

/* Begin PBXSourcesBuildPhase section */
		819343DA2753630300831538 /* Sources */ = {
			isa = PBXSourcesBuildPhase;
			buildActionMask = 2147483647;
			files = (
				819343FE27539FAE00831538 /* ListTableViewCell.swift in Sources */,
				819344002753ABAE00831538 /* Types.swift in Sources */,
				819343F727536F5300831538 /* LoginViewController.swift in Sources */,
				815DA3A8275789C60056D96E /* FavoritesTableViewController.swift in Sources */,
				819343FC27539F2800831538 /* TreeTableViewController.swift in Sources */,
				815DA39F275763890056D96E /* SaveList.xcdatamodeld in Sources */,
				819343E62753630300831538 /* ViewController.swift in Sources */,
				811DF3AB2754AD6100D6177E /* TreeDescViewController.swift in Sources */,
				819343E22753630300831538 /* AppDelegate.swift in Sources */,
				811DF3A92754AB2100D6177E /* DescribeTableViewController.swift in Sources */,
				819343FA27536F7D00831538 /* User.swift in Sources */,
				811DF3B6275619CB00D6177E /*  ConversionType.swift in Sources */,
				815DA3A627576CA20056D96E /* CDTree+CoreDataProperties.swift in Sources */,
				815DA3A527576CA20056D96E /* CDTree+CoreDataClass.swift in Sources */,
				811DF3BA27564DD800D6177E /* LeavesTypes.swift in Sources */,
				819343E42753630300831538 /* SceneDelegate.swift in Sources */,
			);
			runOnlyForDeploymentPostprocessing = 0;
		};
/* End PBXSourcesBuildPhase section */

/* Begin PBXVariantGroup section */
		819343E72753630300831538 /* Main.storyboard */ = {
			isa = PBXVariantGroup;
			children = (
				819343E82753630300831538 /* Base */,
			);
			name = Main.storyboard;
			sourceTree = "<group>";
		};
		819343EC2753630500831538 /* LaunchScreen.storyboard */ = {
			isa = PBXVariantGroup;
			children = (
				819343ED2753630500831538 /* Base */,
			);
			name = LaunchScreen.storyboard;
			sourceTree = "<group>";
		};
/* End PBXVariantGroup section */

/* Begin XCBuildConfiguration section */
		819343F02753630500831538 /* Debug */ = {
			isa = XCBuildConfiguration;
			buildSettings = {
				ALWAYS_SEARCH_USER_PATHS = NO;
				CLANG_ANALYZER_NONNULL = YES;
				CLANG_ANALYZER_NUMBER_OBJECT_CONVERSION = YES_AGGRESSIVE;
				CLANG_CXX_LANGUAGE_STANDARD = "gnu++17";
				CLANG_CXX_LIBRARY = "libc++";
				CLANG_ENABLE_MODULES = YES;
				CLANG_ENABLE_OBJC_ARC = YES;
				CLANG_ENABLE_OBJC_WEAK = YES;
				CLANG_WARN_BLOCK_CAPTURE_AUTORELEASING = YES;
				CLANG_WARN_BOOL_CONVERSION = YES;
				CLANG_WARN_COMMA = YES;
				CLANG_WARN_CONSTANT_CONVERSION = YES;
				CLANG_WARN_DEPRECATED_OBJC_IMPLEMENTATIONS = YES;
				CLANG_WARN_DIRECT_OBJC_ISA_USAGE = YES_ERROR;
				CLANG_WARN_DOCUMENTATION_COMMENTS = YES;
				CLANG_WARN_EMPTY_BODY = YES;
				CLANG_WARN_ENUM_CONVERSION = YES;
				CLANG_WARN_INFINITE_RECURSION = YES;
				CLANG_WARN_INT_CONVERSION = YES;
				CLANG_WARN_NON_LITERAL_NULL_CONVERSION = YES;
				CLANG_WARN_OBJC_IMPLICIT_RETAIN_SELF = YES;
				CLANG_WARN_OBJC_LITERAL_CONVERSION = YES;
				CLANG_WARN_OBJC_ROOT_CLASS = YES_ERROR;
				CLANG_WARN_QUOTED_INCLUDE_IN_FRAMEWORK_HEADER = YES;
				CLANG_WARN_RANGE_LOOP_ANALYSIS = YES;
				CLANG_WARN_STRICT_PROTOTYPES = YES;
				CLANG_WARN_SUSPICIOUS_MOVE = YES;
				CLANG_WARN_UNGUARDED_AVAILABILITY = YES_AGGRESSIVE;
				CLANG_WARN_UNREACHABLE_CODE = YES;
				CLANG_WARN__DUPLICATE_METHOD_MATCH = YES;
				COPY_PHASE_STRIP = NO;
				DEBUG_INFORMATION_FORMAT = dwarf;
				ENABLE_STRICT_OBJC_MSGSEND = YES;
				ENABLE_TESTABILITY = YES;
				GCC_C_LANGUAGE_STANDARD = gnu11;
				GCC_DYNAMIC_NO_PIC = NO;
				GCC_NO_COMMON_BLOCKS = YES;
				GCC_OPTIMIZATION_LEVEL = 0;
				GCC_PREPROCESSOR_DEFINITIONS = (
					"DEBUG=1",
					"$(inherited)",
				);
				GCC_WARN_64_TO_32_BIT_CONVERSION = YES;
				GCC_WARN_ABOUT_RETURN_TYPE = YES_ERROR;
				GCC_WARN_UNDECLARED_SELECTOR = YES;
				GCC_WARN_UNINITIALIZED_AUTOS = YES_AGGRESSIVE;
				GCC_WARN_UNUSED_FUNCTION = YES;
				GCC_WARN_UNUSED_VARIABLE = YES;
				IPHONEOS_DEPLOYMENT_TARGET = 15.0;
				MTL_ENABLE_DEBUG_INFO = INCLUDE_SOURCE;
				MTL_FAST_MATH = YES;
				ONLY_ACTIVE_ARCH = YES;
				SDKROOT = iphoneos;
				SWIFT_ACTIVE_COMPILATION_CONDITIONS = DEBUG;
				SWIFT_OPTIMIZATION_LEVEL = "-Onone";
			};
			name = Debug;
		};
		819343F12753630500831538 /* Release */ = {
			isa = XCBuildConfiguration;
			buildSettings = {
				ALWAYS_SEARCH_USER_PATHS = NO;
				CLANG_ANALYZER_NONNULL = YES;
				CLANG_ANALYZER_NUMBER_OBJECT_CONVERSION = YES_AGGRESSIVE;
				CLANG_CXX_LANGUAGE_STANDARD = "gnu++17";
				CLANG_CXX_LIBRARY = "libc++";
				CLANG_ENABLE_MODULES = YES;
				CLANG_ENABLE_OBJC_ARC = YES;
				CLANG_ENABLE_OBJC_WEAK = YES;
				CLANG_WARN_BLOCK_CAPTURE_AUTORELEASING = YES;
				CLANG_WARN_BOOL_CONVERSION = YES;
				CLANG_WARN_COMMA = YES;
				CLANG_WARN_CONSTANT_CONVERSION = YES;
				CLANG_WARN_DEPRECATED_OBJC_IMPLEMENTATIONS = YES;
				CLANG_WARN_DIRECT_OBJC_ISA_USAGE = YES_ERROR;
				CLANG_WARN_DOCUMENTATION_COMMENTS = YES;
				CLANG_WARN_EMPTY_BODY = YES;
				CLANG_WARN_ENUM_CONVERSION = YES;
				CLANG_WARN_INFINITE_RECURSION = YES;
				CLANG_WARN_INT_CONVERSION = YES;
				CLANG_WARN_NON_LITERAL_NULL_CONVERSION = YES;
				CLANG_WARN_OBJC_IMPLICIT_RETAIN_SELF = YES;
				CLANG_WARN_OBJC_LITERAL_CONVERSION = YES;
				CLANG_WARN_OBJC_ROOT_CLASS = YES_ERROR;
				CLANG_WARN_QUOTED_INCLUDE_IN_FRAMEWORK_HEADER = YES;
				CLANG_WARN_RANGE_LOOP_ANALYSIS = YES;
				CLANG_WARN_STRICT_PROTOTYPES = YES;
				CLANG_WARN_SUSPICIOUS_MOVE = YES;
				CLANG_WARN_UNGUARDED_AVAILABILITY = YES_AGGRESSIVE;
				CLANG_WARN_UNREACHABLE_CODE = YES;
				CLANG_WARN__DUPLICATE_METHOD_MATCH = YES;
				COPY_PHASE_STRIP = NO;
				DEBUG_INFORMATION_FORMAT = "dwarf-with-dsym";
				ENABLE_NS_ASSERTIONS = NO;
				ENABLE_STRICT_OBJC_MSGSEND = YES;
				GCC_C_LANGUAGE_STANDARD = gnu11;
				GCC_NO_COMMON_BLOCKS = YES;
				GCC_WARN_64_TO_32_BIT_CONVERSION = YES;
				GCC_WARN_ABOUT_RETURN_TYPE = YES_ERROR;
				GCC_WARN_UNDECLARED_SELECTOR = YES;
				GCC_WARN_UNINITIALIZED_AUTOS = YES_AGGRESSIVE;
				GCC_WARN_UNUSED_FUNCTION = YES;
				GCC_WARN_UNUSED_VARIABLE = YES;
				IPHONEOS_DEPLOYMENT_TARGET = 15.0;
				MTL_ENABLE_DEBUG_INFO = NO;
				MTL_FAST_MATH = YES;
				SDKROOT = iphoneos;
				SWIFT_COMPILATION_MODE = wholemodule;
				SWIFT_OPTIMIZATION_LEVEL = "-O";
				VALIDATE_PRODUCT = YES;
			};
			name = Release;
		};
		819343F32753630500831538 /* Debug */ = {
			isa = XCBuildConfiguration;
			buildSettings = {
				ASSETCATALOG_COMPILER_APPICON_NAME = AppIcon;
				ASSETCATALOG_COMPILER_GLOBAL_ACCENT_COLOR_NAME = AccentColor;
				CODE_SIGN_STYLE = Automatic;
				CURRENT_PROJECT_VERSION = 1;
				GENERATE_INFOPLIST_FILE = YES;
				INFOPLIST_FILE = "PROJECT-3_Revision/Info.plist";
				INFOPLIST_KEY_UIApplicationSupportsIndirectInputEvents = YES;
				INFOPLIST_KEY_UILaunchStoryboardName = LaunchScreen;
				INFOPLIST_KEY_UIMainStoryboardFile = Main;
				INFOPLIST_KEY_UISupportedInterfaceOrientations_iPad = "UIInterfaceOrientationPortrait UIInterfaceOrientationPortraitUpsideDown UIInterfaceOrientationLandscapeLeft UIInterfaceOrientationLandscapeRight";
				INFOPLIST_KEY_UISupportedInterfaceOrientations_iPhone = "UIInterfaceOrientationPortrait UIInterfaceOrientationLandscapeLeft UIInterfaceOrientationLandscapeRight";
				LD_RUNPATH_SEARCH_PATHS = (
					"$(inherited)",
					"@executable_path/Frameworks",
				);
				MARKETING_VERSION = 1.0;
				PRODUCT_BUNDLE_IDENTIFIER = "com.google.PROJECT-3-Revision";
				PRODUCT_NAME = "$(TARGET_NAME)";
				SWIFT_EMIT_LOC_STRINGS = YES;
				SWIFT_VERSION = 5.0;
				TARGETED_DEVICE_FAMILY = "1,2";
			};
			name = Debug;
		};
		819343F42753630500831538 /* Release */ = {
			isa = XCBuildConfiguration;
			buildSettings = {
				ASSETCATALOG_COMPILER_APPICON_NAME = AppIcon;
				ASSETCATALOG_COMPILER_GLOBAL_ACCENT_COLOR_NAME = AccentColor;
				CODE_SIGN_STYLE = Automatic;
				CURRENT_PROJECT_VERSION = 1;
				GENERATE_INFOPLIST_FILE = YES;
				INFOPLIST_FILE = "PROJECT-3_Revision/Info.plist";
				INFOPLIST_KEY_UIApplicationSupportsIndirectInputEvents = YES;
				INFOPLIST_KEY_UILaunchStoryboardName = LaunchScreen;
				INFOPLIST_KEY_UIMainStoryboardFile = Main;
				INFOPLIST_KEY_UISupportedInterfaceOrientations_iPad = "UIInterfaceOrientationPortrait UIInterfaceOrientationPortraitUpsideDown UIInterfaceOrientationLandscapeLeft UIInterfaceOrientationLandscapeRight";
				INFOPLIST_KEY_UISupportedInterfaceOrientations_iPhone = "UIInterfaceOrientationPortrait UIInterfaceOrientationLandscapeLeft UIInterfaceOrientationLandscapeRight";
				LD_RUNPATH_SEARCH_PATHS = (
					"$(inherited)",
					"@executable_path/Frameworks",
				);
				MARKETING_VERSION = 1.0;
				PRODUCT_BUNDLE_IDENTIFIER = "com.google.PROJECT-3-Revision";
				PRODUCT_NAME = "$(TARGET_NAME)";
				SWIFT_EMIT_LOC_STRINGS = YES;
				SWIFT_VERSION = 5.0;
				TARGETED_DEVICE_FAMILY = "1,2";
			};
			name = Release;
		};
/* End XCBuildConfiguration section */

/* Begin XCConfigurationList section */
		819343D92753630300831538 /* Build configuration list for PBXProject "Treas" */ = {
			isa = XCConfigurationList;
			buildConfigurations = (
				819343F02753630500831538 /* Debug */,
				819343F12753630500831538 /* Release */,
			);
			defaultConfigurationIsVisible = 0;
			defaultConfigurationName = Release;
		};
		819343F22753630500831538 /* Build configuration list for PBXNativeTarget "Treas" */ = {
			isa = XCConfigurationList;
			buildConfigurations = (
				819343F32753630500831538 /* Debug */,
				819343F42753630500831538 /* Release */,
			);
			defaultConfigurationIsVisible = 0;
			defaultConfigurationName = Release;
		};
/* End XCConfigurationList section */

/* Begin XCVersionGroup section */
		815DA39D275763890056D96E /* SaveList.xcdatamodeld */ = {
			isa = XCVersionGroup;
			children = (
				815DA39E275763890056D96E /* SaveList.xcdatamodel */,
			);
			currentVersion = 815DA39E275763890056D96E /* SaveList.xcdatamodel */;
			path = SaveList.xcdatamodeld;
			sourceTree = "<group>";
			versionGroupType = wrapper.xcdatamodel;
		};
/* End XCVersionGroup section */
	};
	rootObject = 819343D62753630300831538 /* Project object */;
}
