// !$*UTF8*$!
{
	archiveVersion = 1;
	classes = {
	};
	objectVersion = 55;
	objects = {

/* Begin PBXBuildFile section */
		A75BE5C92755E0960072DA97 /* InformationMallVC.swift in Sources */ = {isa = PBXBuildFile; fileRef = A75BE5C82755E0960072DA97 /* InformationMallVC.swift */; };
		A75BE5CB275650920072DA97 /* HailGateRules.swift in Sources */ = {isa = PBXBuildFile; fileRef = A75BE5CA275650920072DA97 /* HailGateRules.swift */; };
		A75BE5CD2756DD480072DA97 /* HomeViewController.swift in Sources */ = {isa = PBXBuildFile; fileRef = A75BE5CC2756DD480072DA97 /* HomeViewController.swift */; };
		A75BE5CF2756EDAE0072DA97 /* HomePageVC.swift in Sources */ = {isa = PBXBuildFile; fileRef = A75BE5CE2756EDAE0072DA97 /* HomePageVC.swift */; };
		A75BE5D2275707FC0072DA97 /* HotelsTVC.swift in Sources */ = {isa = PBXBuildFile; fileRef = A75BE5D1275707FC0072DA97 /* HotelsTVC.swift */; };
		A75BE5D4275708DB0072DA97 /* HotelsTVCell.swift in Sources */ = {isa = PBXBuildFile; fileRef = A75BE5D3275708DB0072DA97 /* HotelsTVCell.swift */; };
		A75CE72627559DE70065B793 /* EX.swift in Sources */ = {isa = PBXBuildFile; fileRef = A75CE72527559DE70065B793 /* EX.swift */; };
		A75CE72C2755BBFB0065B793 /* ShoppingCentersVC.swift in Sources */ = {isa = PBXBuildFile; fileRef = A75CE72B2755BBFB0065B793 /* ShoppingCentersVC.swift */; };
		A75CE72F2755BDA00065B793 /* ShoppingCentersVC++CollectionView.swift in Sources */ = {isa = PBXBuildFile; fileRef = A75CE72E2755BDA00065B793 /* ShoppingCentersVC++CollectionView.swift */; };
		A75CE7312755BE3F0065B793 /* ShoppingCentersCVCell.swift in Sources */ = {isa = PBXBuildFile; fileRef = A75CE7302755BE3F0065B793 /* ShoppingCentersCVCell.swift */; };
		A75CE7332755BE890065B793 /* Mall.swift in Sources */ = {isa = PBXBuildFile; fileRef = A75CE7322755BE890065B793 /* Mall.swift */; };
		A7EBAF8C2754362C0071B973 /* AppDelegate.swift in Sources */ = {isa = PBXBuildFile; fileRef = A7EBAF8B2754362C0071B973 /* AppDelegate.swift */; };
		A7EBAF8E2754362C0071B973 /* SceneDelegate.swift in Sources */ = {isa = PBXBuildFile; fileRef = A7EBAF8D2754362C0071B973 /* SceneDelegate.swift */; };
		A7EBAF902754362C0071B973 /* ViewControllerFirst.swift in Sources */ = {isa = PBXBuildFile; fileRef = A7EBAF8F2754362C0071B973 /* ViewControllerFirst.swift */; };
		A7EBAF932754362C0071B973 /* Main.storyboard in Resources */ = {isa = PBXBuildFile; fileRef = A7EBAF912754362C0071B973 /* Main.storyboard */; };
		A7EBAF962754362C0071B973 /* HailGate.xcdatamodeld in Sources */ = {isa = PBXBuildFile; fileRef = A7EBAF942754362C0071B973 /* HailGate.xcdatamodeld */; };
		A7EBAF982754362D0071B973 /* Assets.xcassets in Resources */ = {isa = PBXBuildFile; fileRef = A7EBAF972754362D0071B973 /* Assets.xcassets */; };
		A7EBAF9B2754362D0071B973 /* LaunchScreen.storyboard in Resources */ = {isa = PBXBuildFile; fileRef = A7EBAF992754362D0071B973 /* LaunchScreen.storyboard */; };
		A7EBAFA32754B8AF0071B973 /* EntertainmentTVC.swift in Sources */ = {isa = PBXBuildFile; fileRef = A7EBAFA22754B8AE0071B973 /* EntertainmentTVC.swift */; };
		A7EBAFA92754BFDB0071B973 /* RestaurantsAndCafeCVC.swift in Sources */ = {isa = PBXBuildFile; fileRef = A7EBAFA82754BFDB0071B973 /* RestaurantsAndCafeCVC.swift */; };
		A7EBAFAB2754C4890071B973 /* RestaurantsAndCafeCellCollectionViewCell.swift in Sources */ = {isa = PBXBuildFile; fileRef = A7EBAFAA2754C4890071B973 /* RestaurantsAndCafeCellCollectionViewCell.swift */; };
		A7EBAFAD2754CBC10071B973 /* SectionCollectionReusableView.swift in Sources */ = {isa = PBXBuildFile; fileRef = A7EBAFAC2754CBC10071B973 /* SectionCollectionReusableView.swift */; };
/* End PBXBuildFile section */

/* Begin PBXFileReference section */
		A75BE5C82755E0960072DA97 /* InformationMallVC.swift */ = {isa = PBXFileReference; lastKnownFileType = sourcecode.swift; path = InformationMallVC.swift; sourceTree = "<group>"; };
		A75BE5CA275650920072DA97 /* HailGateRules.swift */ = {isa = PBXFileReference; lastKnownFileType = sourcecode.swift; path = HailGateRules.swift; sourceTree = "<group>"; };
		A75BE5CC2756DD480072DA97 /* HomeViewController.swift */ = {isa = PBXFileReference; lastKnownFileType = sourcecode.swift; path = HomeViewController.swift; sourceTree = "<group>"; };
		A75BE5CE2756EDAE0072DA97 /* HomePageVC.swift */ = {isa = PBXFileReference; lastKnownFileType = sourcecode.swift; path = HomePageVC.swift; sourceTree = "<group>"; };
		A75BE5D1275707FC0072DA97 /* HotelsTVC.swift */ = {isa = PBXFileReference; lastKnownFileType = sourcecode.swift; path = HotelsTVC.swift; sourceTree = "<group>"; };
		A75BE5D3275708DB0072DA97 /* HotelsTVCell.swift */ = {isa = PBXFileReference; lastKnownFileType = sourcecode.swift; path = HotelsTVCell.swift; sourceTree = "<group>"; };
		A75CE72527559DE70065B793 /* EX.swift */ = {isa = PBXFileReference; lastKnownFileType = sourcecode.swift; path = EX.swift; sourceTree = "<group>"; };
		A75CE72B2755BBFB0065B793 /* ShoppingCentersVC.swift */ = {isa = PBXFileReference; lastKnownFileType = sourcecode.swift; path = ShoppingCentersVC.swift; sourceTree = "<group>"; };
		A75CE72E2755BDA00065B793 /* ShoppingCentersVC++CollectionView.swift */ = {isa = PBXFileReference; lastKnownFileType = sourcecode.swift; path = "ShoppingCentersVC++CollectionView.swift"; sourceTree = "<group>"; };
		A75CE7302755BE3F0065B793 /* ShoppingCentersCVCell.swift */ = {isa = PBXFileReference; lastKnownFileType = sourcecode.swift; path = ShoppingCentersCVCell.swift; sourceTree = "<group>"; };
		A75CE7322755BE890065B793 /* Mall.swift */ = {isa = PBXFileReference; lastKnownFileType = sourcecode.swift; path = Mall.swift; sourceTree = "<group>"; };
		A7EBAF882754362C0071B973 /* HailGate.app */ = {isa = PBXFileReference; explicitFileType = wrapper.application; includeInIndex = 0; path = HailGate.app; sourceTree = BUILT_PRODUCTS_DIR; };
		A7EBAF8B2754362C0071B973 /* AppDelegate.swift */ = {isa = PBXFileReference; lastKnownFileType = sourcecode.swift; path = AppDelegate.swift; sourceTree = "<group>"; };
		A7EBAF8D2754362C0071B973 /* SceneDelegate.swift */ = {isa = PBXFileReference; lastKnownFileType = sourcecode.swift; path = SceneDelegate.swift; sourceTree = "<group>"; };
		A7EBAF8F2754362C0071B973 /* ViewControllerFirst.swift */ = {isa = PBXFileReference; lastKnownFileType = sourcecode.swift; path = ViewControllerFirst.swift; sourceTree = "<group>"; };
		A7EBAF922754362C0071B973 /* Base */ = {isa = PBXFileReference; lastKnownFileType = file.storyboard; name = Base; path = Base.lproj/Main.storyboard; sourceTree = "<group>"; };
		A7EBAF952754362C0071B973 /* HailGate.xcdatamodel */ = {isa = PBXFileReference; lastKnownFileType = wrapper.xcdatamodel; path = HailGate.xcdatamodel; sourceTree = "<group>"; };
		A7EBAF972754362D0071B973 /* Assets.xcassets */ = {isa = PBXFileReference; lastKnownFileType = folder.assetcatalog; path = Assets.xcassets; sourceTree = "<group>"; };
		A7EBAF9A2754362D0071B973 /* Base */ = {isa = PBXFileReference; lastKnownFileType = file.storyboard; name = Base; path = Base.lproj/LaunchScreen.storyboard; sourceTree = "<group>"; };
		A7EBAF9C2754362D0071B973 /* Info.plist */ = {isa = PBXFileReference; lastKnownFileType = text.plist.xml; path = Info.plist; sourceTree = "<group>"; };
		A7EBAFA22754B8AE0071B973 /* EntertainmentTVC.swift */ = {isa = PBXFileReference; lastKnownFileType = sourcecode.swift; path = EntertainmentTVC.swift; sourceTree = "<group>"; };
		A7EBAFA82754BFDB0071B973 /* RestaurantsAndCafeCVC.swift */ = {isa = PBXFileReference; lastKnownFileType = sourcecode.swift; path = RestaurantsAndCafeCVC.swift; sourceTree = "<group>"; };
		A7EBAFAA2754C4890071B973 /* RestaurantsAndCafeCellCollectionViewCell.swift */ = {isa = PBXFileReference; lastKnownFileType = sourcecode.swift; path = RestaurantsAndCafeCellCollectionViewCell.swift; sourceTree = "<group>"; };
		A7EBAFAC2754CBC10071B973 /* SectionCollectionReusableView.swift */ = {isa = PBXFileReference; lastKnownFileType = sourcecode.swift; path = SectionCollectionReusableView.swift; sourceTree = "<group>"; };
/* End PBXFileReference section */

/* Begin PBXFrameworksBuildPhase section */
		A7EBAF852754362C0071B973 /* Frameworks */ = {
			isa = PBXFrameworksBuildPhase;
			buildActionMask = 2147483647;
			files = (
			);
			runOnlyForDeploymentPostprocessing = 0;
		};
/* End PBXFrameworksBuildPhase section */

/* Begin PBXGroup section */
		A75BE5D02756F8610072DA97 /* Home */ = {
			isa = PBXGroup;
			children = (
				A75BE5CE2756EDAE0072DA97 /* HomePageVC.swift */,
				A75BE5CC2756DD480072DA97 /* HomeViewController.swift */,
			);
			path = Home;
			sourceTree = "<group>";
		};
		A75BE5D527570C450072DA97 /* HotelsTVC */ = {
			isa = PBXGroup;
			children = (
				A75BE5D1275707FC0072DA97 /* HotelsTVC.swift */,
				A75BE5D3275708DB0072DA97 /* HotelsTVCell.swift */,
			);
			path = HotelsTVC;
			sourceTree = "<group>";
		};
		A75CE7272755A8FC0065B793 /* View */ = {
			isa = PBXGroup;
			children = (
				A7EBAF992754362D0071B973 /* LaunchScreen.storyboard */,
				A7EBAF972754362D0071B973 /* Assets.xcassets */,
			);
			path = View;
			sourceTree = "<group>";
		};
		A75CE7282755A9C70065B793 /* Model */ = {
			isa = PBXGroup;
			children = (
				A75BE5CA275650920072DA97 /* HailGateRules.swift */,
				A75CE7322755BE890065B793 /* Mall.swift */,
			);
			path = Model;
			sourceTree = "<group>";
		};
		A75CE7292755AA110065B793 /* Resources */ = {
			isa = PBXGroup;
			children = (
				A75CE72527559DE70065B793 /* EX.swift */,
			);
			path = Resources;
			sourceTree = "<group>";
		};
		A75CE72A2755AA410065B793 /* Controllers */ = {
			isa = PBXGroup;
			children = (
				A7EBAF8F2754362C0071B973 /* ViewControllerFirst.swift */,
				A7EBAFA22754B8AE0071B973 /* EntertainmentTVC.swift */,
				A75BE5D02756F8610072DA97 /* Home */,
				A75CE72D2755BD370065B793 /* ShoppingCentersVC */,
				A7EBAFA72754BF620071B973 /* Restaurants&CafeSection */,
				A75BE5D527570C450072DA97 /* HotelsTVC */,
			);
			path = Controllers;
			sourceTree = "<group>";
		};
		A75CE72D2755BD370065B793 /* ShoppingCentersVC */ = {
			isa = PBXGroup;
			children = (
				A75CE72B2755BBFB0065B793 /* ShoppingCentersVC.swift */,
				A75CE72E2755BDA00065B793 /* ShoppingCentersVC++CollectionView.swift */,
				A75CE7302755BE3F0065B793 /* ShoppingCentersCVCell.swift */,
				A75BE5C82755E0960072DA97 /* InformationMallVC.swift */,
			);
			path = ShoppingCentersVC;
			sourceTree = "<group>";
		};
		A7EBAF7F2754362C0071B973 = {
			isa = PBXGroup;
			children = (
				A7EBAF8A2754362C0071B973 /* HailGate */,
				A7EBAF892754362C0071B973 /* Products */,
			);
			sourceTree = "<group>";
		};
		A7EBAF892754362C0071B973 /* Products */ = {
			isa = PBXGroup;
			children = (
				A7EBAF882754362C0071B973 /* HailGate.app */,
			);
			name = Products;
			sourceTree = "<group>";
		};
		A7EBAF8A2754362C0071B973 /* HailGate */ = {
			isa = PBXGroup;
			children = (
				A75CE7292755AA110065B793 /* Resources */,
				A75CE7282755A9C70065B793 /* Model */,
				A75CE72A2755AA410065B793 /* Controllers */,
				A75CE7272755A8FC0065B793 /* View */,
				A7EBAF912754362C0071B973 /* Main.storyboard */,
				A7EBAF942754362C0071B973 /* HailGate.xcdatamodeld */,
				A7EBAF8B2754362C0071B973 /* AppDelegate.swift */,
				A7EBAF8D2754362C0071B973 /* SceneDelegate.swift */,
				A7EBAF9C2754362D0071B973 /* Info.plist */,
			);
			path = HailGate;
			sourceTree = "<group>";
		};
		A7EBAFA72754BF620071B973 /* Restaurants&CafeSection */ = {
			isa = PBXGroup;
			children = (
				A7EBAFA82754BFDB0071B973 /* RestaurantsAndCafeCVC.swift */,
				A7EBAFAA2754C4890071B973 /* RestaurantsAndCafeCellCollectionViewCell.swift */,
				A7EBAFAC2754CBC10071B973 /* SectionCollectionReusableView.swift */,
			);
			path = "Restaurants&CafeSection";
			sourceTree = "<group>";
		};
/* End PBXGroup section */

/* Begin PBXNativeTarget section */
		A7EBAF872754362C0071B973 /* HailGate */ = {
			isa = PBXNativeTarget;
			buildConfigurationList = A7EBAF9F2754362D0071B973 /* Build configuration list for PBXNativeTarget "HailGate" */;
			buildPhases = (
				A7EBAF842754362C0071B973 /* Sources */,
				A7EBAF852754362C0071B973 /* Frameworks */,
				A7EBAF862754362C0071B973 /* Resources */,
			);
			buildRules = (
			);
			dependencies = (
			);
			name = HailGate;
			productName = HailGate;
			productReference = A7EBAF882754362C0071B973 /* HailGate.app */;
			productType = "com.apple.product-type.application";
		};
/* End PBXNativeTarget section */

/* Begin PBXProject section */
		A7EBAF802754362C0071B973 /* Project object */ = {
			isa = PBXProject;
			attributes = {
				BuildIndependentTargetsInParallel = 1;
				LastSwiftUpdateCheck = 1300;
				LastUpgradeCheck = 1300;
				TargetAttributes = {
					A7EBAF872754362C0071B973 = {
						CreatedOnToolsVersion = 13.0;
					};
				};
			};
			buildConfigurationList = A7EBAF832754362C0071B973 /* Build configuration list for PBXProject "HailGate" */;
			compatibilityVersion = "Xcode 13.0";
			developmentRegion = en;
			hasScannedForEncodings = 0;
			knownRegions = (
				en,
				Base,
			);
			mainGroup = A7EBAF7F2754362C0071B973;
			productRefGroup = A7EBAF892754362C0071B973 /* Products */;
			projectDirPath = "";
			projectRoot = "";
			targets = (
				A7EBAF872754362C0071B973 /* HailGate */,
			);
		};
/* End PBXProject section */

/* Begin PBXResourcesBuildPhase section */
		A7EBAF862754362C0071B973 /* Resources */ = {
			isa = PBXResourcesBuildPhase;
			buildActionMask = 2147483647;
			files = (
				A7EBAF9B2754362D0071B973 /* LaunchScreen.storyboard in Resources */,
				A7EBAF982754362D0071B973 /* Assets.xcassets in Resources */,
				A7EBAF932754362C0071B973 /* Main.storyboard in Resources */,
			);
			runOnlyForDeploymentPostprocessing = 0;
		};
/* End PBXResourcesBuildPhase section */

/* Begin PBXSourcesBuildPhase section */
		A7EBAF842754362C0071B973 /* Sources */ = {
			isa = PBXSourcesBuildPhase;
			buildActionMask = 2147483647;
			files = (
				A7EBAF962754362C0071B973 /* HailGate.xcdatamodeld in Sources */,
				A75BE5CB275650920072DA97 /* HailGateRules.swift in Sources */,
				A7EBAF902754362C0071B973 /* ViewControllerFirst.swift in Sources */,
				A7EBAF8C2754362C0071B973 /* AppDelegate.swift in Sources */,
				A75BE5CF2756EDAE0072DA97 /* HomePageVC.swift in Sources */,
				A75CE7312755BE3F0065B793 /* ShoppingCentersCVCell.swift in Sources */,
				A75BE5C92755E0960072DA97 /* InformationMallVC.swift in Sources */,
				A7EBAFAD2754CBC10071B973 /* SectionCollectionReusableView.swift in Sources */,
				A75BE5D2275707FC0072DA97 /* HotelsTVC.swift in Sources */,
				A7EBAFA92754BFDB0071B973 /* RestaurantsAndCafeCVC.swift in Sources */,
				A75CE72C2755BBFB0065B793 /* ShoppingCentersVC.swift in Sources */,
				A7EBAF8E2754362C0071B973 /* SceneDelegate.swift in Sources */,
				A7EBAFAB2754C4890071B973 /* RestaurantsAndCafeCellCollectionViewCell.swift in Sources */,
				A75BE5CD2756DD480072DA97 /* HomeViewController.swift in Sources */,
				A75CE7332755BE890065B793 /* Mall.swift in Sources */,
				A75BE5D4275708DB0072DA97 /* HotelsTVCell.swift in Sources */,
				A75CE72627559DE70065B793 /* EX.swift in Sources */,
				A7EBAFA32754B8AF0071B973 /* EntertainmentTVC.swift in Sources */,
				A75CE72F2755BDA00065B793 /* ShoppingCentersVC++CollectionView.swift in Sources */,
			);
			runOnlyForDeploymentPostprocessing = 0;
		};
/* End PBXSourcesBuildPhase section */

/* Begin PBXVariantGroup section */
		A7EBAF912754362C0071B973 /* Main.storyboard */ = {
			isa = PBXVariantGroup;
			children = (
				A7EBAF922754362C0071B973 /* Base */,
			);
			name = Main.storyboard;
			sourceTree = "<group>";
		};
		A7EBAF992754362D0071B973 /* LaunchScreen.storyboard */ = {
			isa = PBXVariantGroup;
			children = (
				A7EBAF9A2754362D0071B973 /* Base */,
			);
			name = LaunchScreen.storyboard;
			sourceTree = "<group>";
		};
/* End PBXVariantGroup section */

/* Begin XCBuildConfiguration section */
		A7EBAF9D2754362D0071B973 /* Debug */ = {
			isa = XCBuildConfiguration;
			buildSettings = {
				ALWAYS_SEARCH_USER_PATHS = NO;
				CLANG_ANALYZER_NONNULL = YES;
				CLANG_ANALYZER_NUMBER_OBJECT_CONVERSION = YES_AGGRESSIVE;
				CLANG_CXX_LANGUAGE_STANDARD = "gnu++17";
				CLANG_CXX_LIBRARY = "libc++";
				CLANG_ENABLE_MODULES = YES;
				CLANG_ENABLE_OBJC_ARC = YES;
				CLANG_ENABLE_OBJC_WEAK = YES;
				CLANG_WARN_BLOCK_CAPTURE_AUTORELEASING = YES;
				CLANG_WARN_BOOL_CONVERSION = YES;
				CLANG_WARN_COMMA = YES;
				CLANG_WARN_CONSTANT_CONVERSION = YES;
				CLANG_WARN_DEPRECATED_OBJC_IMPLEMENTATIONS = YES;
				CLANG_WARN_DIRECT_OBJC_ISA_USAGE = YES_ERROR;
				CLANG_WARN_DOCUMENTATION_COMMENTS = YES;
				CLANG_WARN_EMPTY_BODY = YES;
				CLANG_WARN_ENUM_CONVERSION = YES;
				CLANG_WARN_INFINITE_RECURSION = YES;
				CLANG_WARN_INT_CONVERSION = YES;
				CLANG_WARN_NON_LITERAL_NULL_CONVERSION = YES;
				CLANG_WARN_OBJC_IMPLICIT_RETAIN_SELF = YES;
				CLANG_WARN_OBJC_LITERAL_CONVERSION = YES;
				CLANG_WARN_OBJC_ROOT_CLASS = YES_ERROR;
				CLANG_WARN_QUOTED_INCLUDE_IN_FRAMEWORK_HEADER = YES;
				CLANG_WARN_RANGE_LOOP_ANALYSIS = YES;
				CLANG_WARN_STRICT_PROTOTYPES = YES;
				CLANG_WARN_SUSPICIOUS_MOVE = YES;
				CLANG_WARN_UNGUARDED_AVAILABILITY = YES_AGGRESSIVE;
				CLANG_WARN_UNREACHABLE_CODE = YES;
				CLANG_WARN__DUPLICATE_METHOD_MATCH = YES;
				COPY_PHASE_STRIP = NO;
				DEBUG_INFORMATION_FORMAT = dwarf;
				ENABLE_STRICT_OBJC_MSGSEND = YES;
				ENABLE_TESTABILITY = YES;
				GCC_C_LANGUAGE_STANDARD = gnu11;
				GCC_DYNAMIC_NO_PIC = NO;
				GCC_NO_COMMON_BLOCKS = YES;
				GCC_OPTIMIZATION_LEVEL = 0;
				GCC_PREPROCESSOR_DEFINITIONS = (
					"DEBUG=1",
					"$(inherited)",
				);
				GCC_WARN_64_TO_32_BIT_CONVERSION = YES;
				GCC_WARN_ABOUT_RETURN_TYPE = YES_ERROR;
				GCC_WARN_UNDECLARED_SELECTOR = YES;
				GCC_WARN_UNINITIALIZED_AUTOS = YES_AGGRESSIVE;
				GCC_WARN_UNUSED_FUNCTION = YES;
				GCC_WARN_UNUSED_VARIABLE = YES;
				IPHONEOS_DEPLOYMENT_TARGET = 15.0;
				MTL_ENABLE_DEBUG_INFO = INCLUDE_SOURCE;
				MTL_FAST_MATH = YES;
				ONLY_ACTIVE_ARCH = YES;
				SDKROOT = iphoneos;
				SWIFT_ACTIVE_COMPILATION_CONDITIONS = DEBUG;
				SWIFT_OPTIMIZATION_LEVEL = "-Onone";
			};
			name = Debug;
		};
		A7EBAF9E2754362D0071B973 /* Release */ = {
			isa = XCBuildConfiguration;
			buildSettings = {
				ALWAYS_SEARCH_USER_PATHS = NO;
				CLANG_ANALYZER_NONNULL = YES;
				CLANG_ANALYZER_NUMBER_OBJECT_CONVERSION = YES_AGGRESSIVE;
				CLANG_CXX_LANGUAGE_STANDARD = "gnu++17";
				CLANG_CXX_LIBRARY = "libc++";
				CLANG_ENABLE_MODULES = YES;
				CLANG_ENABLE_OBJC_ARC = YES;
				CLANG_ENABLE_OBJC_WEAK = YES;
				CLANG_WARN_BLOCK_CAPTURE_AUTORELEASING = YES;
				CLANG_WARN_BOOL_CONVERSION = YES;
				CLANG_WARN_COMMA = YES;
				CLANG_WARN_CONSTANT_CONVERSION = YES;
				CLANG_WARN_DEPRECATED_OBJC_IMPLEMENTATIONS = YES;
				CLANG_WARN_DIRECT_OBJC_ISA_USAGE = YES_ERROR;
				CLANG_WARN_DOCUMENTATION_COMMENTS = YES;
				CLANG_WARN_EMPTY_BODY = YES;
				CLANG_WARN_ENUM_CONVERSION = YES;
				CLANG_WARN_INFINITE_RECURSION = YES;
				CLANG_WARN_INT_CONVERSION = YES;
				CLANG_WARN_NON_LITERAL_NULL_CONVERSION = YES;
				CLANG_WARN_OBJC_IMPLICIT_RETAIN_SELF = YES;
				CLANG_WARN_OBJC_LITERAL_CONVERSION = YES;
				CLANG_WARN_OBJC_ROOT_CLASS = YES_ERROR;
				CLANG_WARN_QUOTED_INCLUDE_IN_FRAMEWORK_HEADER = YES;
				CLANG_WARN_RANGE_LOOP_ANALYSIS = YES;
				CLANG_WARN_STRICT_PROTOTYPES = YES;
				CLANG_WARN_SUSPICIOUS_MOVE = YES;
				CLANG_WARN_UNGUARDED_AVAILABILITY = YES_AGGRESSIVE;
				CLANG_WARN_UNREACHABLE_CODE = YES;
				CLANG_WARN__DUPLICATE_METHOD_MATCH = YES;
				COPY_PHASE_STRIP = NO;
				DEBUG_INFORMATION_FORMAT = "dwarf-with-dsym";
				ENABLE_NS_ASSERTIONS = NO;
				ENABLE_STRICT_OBJC_MSGSEND = YES;
				GCC_C_LANGUAGE_STANDARD = gnu11;
				GCC_NO_COMMON_BLOCKS = YES;
				GCC_WARN_64_TO_32_BIT_CONVERSION = YES;
				GCC_WARN_ABOUT_RETURN_TYPE = YES_ERROR;
				GCC_WARN_UNDECLARED_SELECTOR = YES;
				GCC_WARN_UNINITIALIZED_AUTOS = YES_AGGRESSIVE;
				GCC_WARN_UNUSED_FUNCTION = YES;
				GCC_WARN_UNUSED_VARIABLE = YES;
				IPHONEOS_DEPLOYMENT_TARGET = 15.0;
				MTL_ENABLE_DEBUG_INFO = NO;
				MTL_FAST_MATH = YES;
				SDKROOT = iphoneos;
				SWIFT_COMPILATION_MODE = wholemodule;
				SWIFT_OPTIMIZATION_LEVEL = "-O";
				VALIDATE_PRODUCT = YES;
			};
			name = Release;
		};
		A7EBAFA02754362D0071B973 /* Debug */ = {
			isa = XCBuildConfiguration;
			buildSettings = {
				ASSETCATALOG_COMPILER_APPICON_NAME = AppIcon;
				ASSETCATALOG_COMPILER_GLOBAL_ACCENT_COLOR_NAME = AccentColor;
				CODE_SIGN_STYLE = Automatic;
				CURRENT_PROJECT_VERSION = 1;
				GENERATE_INFOPLIST_FILE = YES;
				INFOPLIST_FILE = HailGate/Info.plist;
				INFOPLIST_KEY_UIApplicationSupportsIndirectInputEvents = YES;
				INFOPLIST_KEY_UILaunchStoryboardName = LaunchScreen;
				INFOPLIST_KEY_UIMainStoryboardFile = Main;
				INFOPLIST_KEY_UISupportedInterfaceOrientations_iPad = "UIInterfaceOrientationPortrait UIInterfaceOrientationPortraitUpsideDown UIInterfaceOrientationLandscapeLeft UIInterfaceOrientationLandscapeRight";
				INFOPLIST_KEY_UISupportedInterfaceOrientations_iPhone = "UIInterfaceOrientationPortrait UIInterfaceOrientationLandscapeLeft UIInterfaceOrientationLandscapeRight";
				LD_RUNPATH_SEARCH_PATHS = (
					"$(inherited)",
					"@executable_path/Frameworks",
				);
				MARKETING_VERSION = 1.0;
				PRODUCT_BUNDLE_IDENTIFIER = com.monafh.HailGate;
				PRODUCT_NAME = "$(TARGET_NAME)";
				SWIFT_EMIT_LOC_STRINGS = YES;
				SWIFT_VERSION = 5.0;
				TARGETED_DEVICE_FAMILY = "1,2";
			};
			name = Debug;
		};
		A7EBAFA12754362D0071B973 /* Release */ = {
			isa = XCBuildConfiguration;
			buildSettings = {
				ASSETCATALOG_COMPILER_APPICON_NAME = AppIcon;
				ASSETCATALOG_COMPILER_GLOBAL_ACCENT_COLOR_NAME = AccentColor;
				CODE_SIGN_STYLE = Automatic;
				CURRENT_PROJECT_VERSION = 1;
				GENERATE_INFOPLIST_FILE = YES;
				INFOPLIST_FILE = HailGate/Info.plist;
				INFOPLIST_KEY_UIApplicationSupportsIndirectInputEvents = YES;
				INFOPLIST_KEY_UILaunchStoryboardName = LaunchScreen;
				INFOPLIST_KEY_UIMainStoryboardFile = Main;
				INFOPLIST_KEY_UISupportedInterfaceOrientations_iPad = "UIInterfaceOrientationPortrait UIInterfaceOrientationPortraitUpsideDown UIInterfaceOrientationLandscapeLeft UIInterfaceOrientationLandscapeRight";
				INFOPLIST_KEY_UISupportedInterfaceOrientations_iPhone = "UIInterfaceOrientationPortrait UIInterfaceOrientationLandscapeLeft UIInterfaceOrientationLandscapeRight";
				LD_RUNPATH_SEARCH_PATHS = (
					"$(inherited)",
					"@executable_path/Frameworks",
				);
				MARKETING_VERSION = 1.0;
				PRODUCT_BUNDLE_IDENTIFIER = com.monafh.HailGate;
				PRODUCT_NAME = "$(TARGET_NAME)";
				SWIFT_EMIT_LOC_STRINGS = YES;
				SWIFT_VERSION = 5.0;
				TARGETED_DEVICE_FAMILY = "1,2";
			};
			name = Release;
		};
/* End XCBuildConfiguration section */

/* Begin XCConfigurationList section */
		A7EBAF832754362C0071B973 /* Build configuration list for PBXProject "HailGate" */ = {
			isa = XCConfigurationList;
			buildConfigurations = (
				A7EBAF9D2754362D0071B973 /* Debug */,
				A7EBAF9E2754362D0071B973 /* Release */,
			);
			defaultConfigurationIsVisible = 0;
			defaultConfigurationName = Release;
		};
		A7EBAF9F2754362D0071B973 /* Build configuration list for PBXNativeTarget "HailGate" */ = {
			isa = XCConfigurationList;
			buildConfigurations = (
				A7EBAFA02754362D0071B973 /* Debug */,
				A7EBAFA12754362D0071B973 /* Release */,
			);
			defaultConfigurationIsVisible = 0;
			defaultConfigurationName = Release;
		};
/* End XCConfigurationList section */

/* Begin XCVersionGroup section */
		A7EBAF942754362C0071B973 /* HailGate.xcdatamodeld */ = {
			isa = XCVersionGroup;
			children = (
				A7EBAF952754362C0071B973 /* HailGate.xcdatamodel */,
			);
			currentVersion = A7EBAF952754362C0071B973 /* HailGate.xcdatamodel */;
			path = HailGate.xcdatamodeld;
			sourceTree = "<group>";
			versionGroupType = wrapper.xcdatamodel;
		};
/* End XCVersionGroup section */
	};
	rootObject = A7EBAF802754362C0071B973 /* Project object */;
}
