// !$*UTF8*$!
{
	archiveVersion = 1;
	classes = {
	};
	objectVersion = 55;
	objects = {

/* Begin PBXBuildFile section */
		445E916227518E1C00401468 /* AppDelegate.swift in Sources */ = {isa = PBXBuildFile; fileRef = 445E916127518E1C00401468 /* AppDelegate.swift */; };
		445E916427518E1C00401468 /* SceneDelegate.swift in Sources */ = {isa = PBXBuildFile; fileRef = 445E916327518E1C00401468 /* SceneDelegate.swift */; };
		445E916627518E1C00401468 /* ViewController.swift in Sources */ = {isa = PBXBuildFile; fileRef = 445E916527518E1C00401468 /* ViewController.swift */; };
		445E916927518E1C00401468 /* Main.storyboard in Resources */ = {isa = PBXBuildFile; fileRef = 445E916727518E1C00401468 /* Main.storyboard */; };
		445E916B27518E1D00401468 /* Assets.xcassets in Resources */ = {isa = PBXBuildFile; fileRef = 445E916A27518E1D00401468 /* Assets.xcassets */; };
		445E916E27518E1D00401468 /* LaunchScreen.storyboard in Resources */ = {isa = PBXBuildFile; fileRef = 445E916C27518E1D00401468 /* LaunchScreen.storyboard */; };
		445F32872753EA6000F60165 /* Home.swift in Sources */ = {isa = PBXBuildFile; fileRef = 445F32862753EA6000F60165 /* Home.swift */; };
		445F328F2754B23900F60165 /* Customer.swift in Sources */ = {isa = PBXBuildFile; fileRef = 445F328E2754B23900F60165 /* Customer.swift */; };
		446660662757752C000D75DC /* struct.swift in Sources */ = {isa = PBXBuildFile; fileRef = 446660652757752C000D75DC /* struct.swift */; };
/* End PBXBuildFile section */

/* Begin PBXFileReference section */
		445E915E27518E1C00401468 /* QuestionAndAnswer.app */ = {isa = PBXFileReference; explicitFileType = wrapper.application; includeInIndex = 0; path = QuestionAndAnswer.app; sourceTree = BUILT_PRODUCTS_DIR; };
		445E916127518E1C00401468 /* AppDelegate.swift */ = {isa = PBXFileReference; lastKnownFileType = sourcecode.swift; path = AppDelegate.swift; sourceTree = "<group>"; };
		445E916327518E1C00401468 /* SceneDelegate.swift */ = {isa = PBXFileReference; lastKnownFileType = sourcecode.swift; path = SceneDelegate.swift; sourceTree = "<group>"; };
		445E916527518E1C00401468 /* ViewController.swift */ = {isa = PBXFileReference; lastKnownFileType = sourcecode.swift; path = ViewController.swift; sourceTree = "<group>"; };
		445E916827518E1C00401468 /* Base */ = {isa = PBXFileReference; lastKnownFileType = file.storyboard; name = Base; path = Base.lproj/Main.storyboard; sourceTree = "<group>"; };
		445E916A27518E1D00401468 /* Assets.xcassets */ = {isa = PBXFileReference; lastKnownFileType = folder.assetcatalog; path = Assets.xcassets; sourceTree = "<group>"; };
		445E916D27518E1D00401468 /* Base */ = {isa = PBXFileReference; lastKnownFileType = file.storyboard; name = Base; path = Base.lproj/LaunchScreen.storyboard; sourceTree = "<group>"; };
		445E916F27518E1D00401468 /* Info.plist */ = {isa = PBXFileReference; lastKnownFileType = text.plist.xml; path = Info.plist; sourceTree = "<group>"; };
		445F32862753EA6000F60165 /* Home.swift */ = {isa = PBXFileReference; lastKnownFileType = sourcecode.swift; path = Home.swift; sourceTree = "<group>"; };
		445F32882753F64100F60165 /* ar */ = {isa = PBXFileReference; lastKnownFileType = text.plist.strings; name = ar; path = ar.lproj/Main.strings; sourceTree = "<group>"; };
		445F32892753F64100F60165 /* ar */ = {isa = PBXFileReference; lastKnownFileType = text.plist.strings; name = ar; path = ar.lproj/LaunchScreen.strings; sourceTree = "<group>"; };
		445F328D2753F71C00F60165 /* en */ = {isa = PBXFileReference; lastKnownFileType = text.plist.strings; name = en; path = en.lproj/Main.strings; sourceTree = "<group>"; };
		445F328E2754B23900F60165 /* Customer.swift */ = {isa = PBXFileReference; lastKnownFileType = sourcecode.swift; path = Customer.swift; sourceTree = "<group>"; };
		446660652757752C000D75DC /* struct.swift */ = {isa = PBXFileReference; lastKnownFileType = sourcecode.swift; path = struct.swift; sourceTree = "<group>"; };
/* End PBXFileReference section */

/* Begin PBXFrameworksBuildPhase section */
		445E915B27518E1C00401468 /* Frameworks */ = {
			isa = PBXFrameworksBuildPhase;
			buildActionMask = 2147483647;
			files = (
			);
			runOnlyForDeploymentPostprocessing = 0;
		};
/* End PBXFrameworksBuildPhase section */

/* Begin PBXGroup section */
		445E915527518E1C00401468 = {
			isa = PBXGroup;
			children = (
				445E916027518E1C00401468 /* QuestionAndAnswer */,
				445E915F27518E1C00401468 /* Products */,
			);
			sourceTree = "<group>";
		};
		445E915F27518E1C00401468 /* Products */ = {
			isa = PBXGroup;
			children = (
				445E915E27518E1C00401468 /* QuestionAndAnswer.app */,
			);
			name = Products;
			sourceTree = "<group>";
		};
		445E916027518E1C00401468 /* QuestionAndAnswer */ = {
			isa = PBXGroup;
			children = (
				44666067275775AC000D75DC /* Controller */,
				445E916527518E1C00401468 /* ViewController.swift */,
				445F328E2754B23900F60165 /* Customer.swift */,
				4466606427577427000D75DC /* models */,
				445E916127518E1C00401468 /* AppDelegate.swift */,
				445E916327518E1C00401468 /* SceneDelegate.swift */,
				445E916727518E1C00401468 /* Main.storyboard */,
				445E916C27518E1D00401468 /* LaunchScreen.storyboard */,
				445E916F27518E1D00401468 /* Info.plist */,
			);
			path = QuestionAndAnswer;
			sourceTree = "<group>";
		};
		4466606427577427000D75DC /* models */ = {
			isa = PBXGroup;
			children = (
				446660652757752C000D75DC /* struct.swift */,
				44669E012757B5AA005A9468 /* image */,
			);
			path = models;
			sourceTree = "<group>";
		};
		44666067275775AC000D75DC /* Controller */ = {
			isa = PBXGroup;
			children = (
				445F32862753EA6000F60165 /* Home.swift */,
			);
			path = Controller;
			sourceTree = "<group>";
		};
		44669E012757B5AA005A9468 /* image */ = {
			isa = PBXGroup;
			children = (
				445E916A27518E1D00401468 /* Assets.xcassets */,
			);
			path = image;
			sourceTree = "<group>";
		};
/* End PBXGroup section */

/* Begin PBXNativeTarget section */
		445E915D27518E1C00401468 /* QuestionAndAnswer */ = {
			isa = PBXNativeTarget;
			buildConfigurationList = 445E917227518E1D00401468 /* Build configuration list for PBXNativeTarget "QuestionAndAnswer" */;
			buildPhases = (
				445E915A27518E1C00401468 /* Sources */,
				445E915B27518E1C00401468 /* Frameworks */,
				445E915C27518E1C00401468 /* Resources */,
			);
			buildRules = (
			);
			dependencies = (
			);
			name = QuestionAndAnswer;
			productName = QuestionAndAnswer;
			productReference = 445E915E27518E1C00401468 /* QuestionAndAnswer.app */;
			productType = "com.apple.product-type.application";
		};
/* End PBXNativeTarget section */

/* Begin PBXProject section */
		445E915627518E1C00401468 /* Project object */ = {
			isa = PBXProject;
			attributes = {
				BuildIndependentTargetsInParallel = 1;
				LastSwiftUpdateCheck = 1310;
				LastUpgradeCheck = 1310;
				TargetAttributes = {
					445E915D27518E1C00401468 = {
						CreatedOnToolsVersion = 13.1;
					};
				};
			};
			buildConfigurationList = 445E915927518E1C00401468 /* Build configuration list for PBXProject "QuestionAndAnswer" */;
			compatibilityVersion = "Xcode 13.0";
			developmentRegion = en;
			hasScannedForEncodings = 0;
			knownRegions = (
				en,
				Base,
				ar,
			);
			mainGroup = 445E915527518E1C00401468;
			productRefGroup = 445E915F27518E1C00401468 /* Products */;
			projectDirPath = "";
			projectRoot = "";
			targets = (
				445E915D27518E1C00401468 /* QuestionAndAnswer */,
			);
		};
/* End PBXProject section */

/* Begin PBXResourcesBuildPhase section */
		445E915C27518E1C00401468 /* Resources */ = {
			isa = PBXResourcesBuildPhase;
			buildActionMask = 2147483647;
			files = (
				445E916E27518E1D00401468 /* LaunchScreen.storyboard in Resources */,
				445E916B27518E1D00401468 /* Assets.xcassets in Resources */,
				445E916927518E1C00401468 /* Main.storyboard in Resources */,
			);
			runOnlyForDeploymentPostprocessing = 0;
		};
/* End PBXResourcesBuildPhase section */

/* Begin PBXSourcesBuildPhase section */
		445E915A27518E1C00401468 /* Sources */ = {
			isa = PBXSourcesBuildPhase;
			buildActionMask = 2147483647;
			files = (
				446660662757752C000D75DC /* struct.swift in Sources */,
				445E916627518E1C00401468 /* ViewController.swift in Sources */,
				445F328F2754B23900F60165 /* Customer.swift in Sources */,
				445E916227518E1C00401468 /* AppDelegate.swift in Sources */,
				445F32872753EA6000F60165 /* Home.swift in Sources */,
				445E916427518E1C00401468 /* SceneDelegate.swift in Sources */,
			);
			runOnlyForDeploymentPostprocessing = 0;
		};
/* End PBXSourcesBuildPhase section */

/* Begin PBXVariantGroup section */
		445E916727518E1C00401468 /* Main.storyboard */ = {
			isa = PBXVariantGroup;
			children = (
				445E916827518E1C00401468 /* Base */,
				445F32882753F64100F60165 /* ar */,
				445F328D2753F71C00F60165 /* en */,
			);
			name = Main.storyboard;
			sourceTree = "<group>";
		};
		445E916C27518E1D00401468 /* LaunchScreen.storyboard */ = {
			isa = PBXVariantGroup;
			children = (
				445E916D27518E1D00401468 /* Base */,
				445F32892753F64100F60165 /* ar */,
			);
			name = LaunchScreen.storyboard;
			sourceTree = "<group>";
		};
/* End PBXVariantGroup section */

/* Begin XCBuildConfiguration section */
		445E917027518E1D00401468 /* Debug */ = {
			isa = XCBuildConfiguration;
			buildSettings = {
				ALWAYS_SEARCH_USER_PATHS = NO;
				CLANG_ANALYZER_LOCALIZABILITY_NONLOCALIZED = YES;
				CLANG_ANALYZER_NONNULL = YES;
				CLANG_ANALYZER_NUMBER_OBJECT_CONVERSION = YES_AGGRESSIVE;
				CLANG_CXX_LANGUAGE_STANDARD = "gnu++17";
				CLANG_CXX_LIBRARY = "libc++";
				CLANG_ENABLE_MODULES = YES;
				CLANG_ENABLE_OBJC_ARC = YES;
				CLANG_ENABLE_OBJC_WEAK = YES;
				CLANG_WARN_BLOCK_CAPTURE_AUTORELEASING = YES;
				CLANG_WARN_BOOL_CONVERSION = YES;
				CLANG_WARN_COMMA = YES;
				CLANG_WARN_CONSTANT_CONVERSION = YES;
				CLANG_WARN_DEPRECATED_OBJC_IMPLEMENTATIONS = YES;
				CLANG_WARN_DIRECT_OBJC_ISA_USAGE = YES_ERROR;
				CLANG_WARN_DOCUMENTATION_COMMENTS = YES;
				CLANG_WARN_EMPTY_BODY = YES;
				CLANG_WARN_ENUM_CONVERSION = YES;
				CLANG_WARN_INFINITE_RECURSION = YES;
				CLANG_WARN_INT_CONVERSION = YES;
				CLANG_WARN_NON_LITERAL_NULL_CONVERSION = YES;
				CLANG_WARN_OBJC_IMPLICIT_RETAIN_SELF = YES;
				CLANG_WARN_OBJC_LITERAL_CONVERSION = YES;
				CLANG_WARN_OBJC_ROOT_CLASS = YES_ERROR;
				CLANG_WARN_QUOTED_INCLUDE_IN_FRAMEWORK_HEADER = YES;
				CLANG_WARN_RANGE_LOOP_ANALYSIS = YES;
				CLANG_WARN_STRICT_PROTOTYPES = YES;
				CLANG_WARN_SUSPICIOUS_MOVE = YES;
				CLANG_WARN_UNGUARDED_AVAILABILITY = YES_AGGRESSIVE;
				CLANG_WARN_UNREACHABLE_CODE = YES;
				CLANG_WARN__DUPLICATE_METHOD_MATCH = YES;
				COPY_PHASE_STRIP = NO;
				DEBUG_INFORMATION_FORMAT = dwarf;
				ENABLE_STRICT_OBJC_MSGSEND = YES;
				ENABLE_TESTABILITY = YES;
				GCC_C_LANGUAGE_STANDARD = gnu11;
				GCC_DYNAMIC_NO_PIC = NO;
				GCC_NO_COMMON_BLOCKS = YES;
				GCC_OPTIMIZATION_LEVEL = 0;
				GCC_PREPROCESSOR_DEFINITIONS = (
					"DEBUG=1",
					"$(inherited)",
				);
				GCC_WARN_64_TO_32_BIT_CONVERSION = YES;
				GCC_WARN_ABOUT_RETURN_TYPE = YES_ERROR;
				GCC_WARN_UNDECLARED_SELECTOR = YES;
				GCC_WARN_UNINITIALIZED_AUTOS = YES_AGGRESSIVE;
				GCC_WARN_UNUSED_FUNCTION = YES;
				GCC_WARN_UNUSED_VARIABLE = YES;
				IPHONEOS_DEPLOYMENT_TARGET = 15.0;
				MTL_ENABLE_DEBUG_INFO = INCLUDE_SOURCE;
				MTL_FAST_MATH = YES;
				ONLY_ACTIVE_ARCH = YES;
				SDKROOT = iphoneos;
				SWIFT_ACTIVE_COMPILATION_CONDITIONS = DEBUG;
				SWIFT_OPTIMIZATION_LEVEL = "-Onone";
			};
			name = Debug;
		};
		445E917127518E1D00401468 /* Release */ = {
			isa = XCBuildConfiguration;
			buildSettings = {
				ALWAYS_SEARCH_USER_PATHS = NO;
				CLANG_ANALYZER_LOCALIZABILITY_NONLOCALIZED = YES;
				CLANG_ANALYZER_NONNULL = YES;
				CLANG_ANALYZER_NUMBER_OBJECT_CONVERSION = YES_AGGRESSIVE;
				CLANG_CXX_LANGUAGE_STANDARD = "gnu++17";
				CLANG_CXX_LIBRARY = "libc++";
				CLANG_ENABLE_MODULES = YES;
				CLANG_ENABLE_OBJC_ARC = YES;
				CLANG_ENABLE_OBJC_WEAK = YES;
				CLANG_WARN_BLOCK_CAPTURE_AUTORELEASING = YES;
				CLANG_WARN_BOOL_CONVERSION = YES;
				CLANG_WARN_COMMA = YES;
				CLANG_WARN_CONSTANT_CONVERSION = YES;
				CLANG_WARN_DEPRECATED_OBJC_IMPLEMENTATIONS = YES;
				CLANG_WARN_DIRECT_OBJC_ISA_USAGE = YES_ERROR;
				CLANG_WARN_DOCUMENTATION_COMMENTS = YES;
				CLANG_WARN_EMPTY_BODY = YES;
				CLANG_WARN_ENUM_CONVERSION = YES;
				CLANG_WARN_INFINITE_RECURSION = YES;
				CLANG_WARN_INT_CONVERSION = YES;
				CLANG_WARN_NON_LITERAL_NULL_CONVERSION = YES;
				CLANG_WARN_OBJC_IMPLICIT_RETAIN_SELF = YES;
				CLANG_WARN_OBJC_LITERAL_CONVERSION = YES;
				CLANG_WARN_OBJC_ROOT_CLASS = YES_ERROR;
				CLANG_WARN_QUOTED_INCLUDE_IN_FRAMEWORK_HEADER = YES;
				CLANG_WARN_RANGE_LOOP_ANALYSIS = YES;
				CLANG_WARN_STRICT_PROTOTYPES = YES;
				CLANG_WARN_SUSPICIOUS_MOVE = YES;
				CLANG_WARN_UNGUARDED_AVAILABILITY = YES_AGGRESSIVE;
				CLANG_WARN_UNREACHABLE_CODE = YES;
				CLANG_WARN__DUPLICATE_METHOD_MATCH = YES;
				COPY_PHASE_STRIP = NO;
				DEBUG_INFORMATION_FORMAT = "dwarf-with-dsym";
				ENABLE_NS_ASSERTIONS = NO;
				ENABLE_STRICT_OBJC_MSGSEND = YES;
				GCC_C_LANGUAGE_STANDARD = gnu11;
				GCC_NO_COMMON_BLOCKS = YES;
				GCC_WARN_64_TO_32_BIT_CONVERSION = YES;
				GCC_WARN_ABOUT_RETURN_TYPE = YES_ERROR;
				GCC_WARN_UNDECLARED_SELECTOR = YES;
				GCC_WARN_UNINITIALIZED_AUTOS = YES_AGGRESSIVE;
				GCC_WARN_UNUSED_FUNCTION = YES;
				GCC_WARN_UNUSED_VARIABLE = YES;
				IPHONEOS_DEPLOYMENT_TARGET = 15.0;
				MTL_ENABLE_DEBUG_INFO = NO;
				MTL_FAST_MATH = YES;
				SDKROOT = iphoneos;
				SWIFT_COMPILATION_MODE = wholemodule;
				SWIFT_OPTIMIZATION_LEVEL = "-O";
				VALIDATE_PRODUCT = YES;
			};
			name = Release;
		};
		445E917327518E1D00401468 /* Debug */ = {
			isa = XCBuildConfiguration;
			buildSettings = {
				ASSETCATALOG_COMPILER_APPICON_NAME = AppIcon;
				ASSETCATALOG_COMPILER_GLOBAL_ACCENT_COLOR_NAME = AccentColor;
				CODE_SIGN_STYLE = Automatic;
				CURRENT_PROJECT_VERSION = 1;
				DEVELOPMENT_TEAM = GCZJZAFV32;
				GENERATE_INFOPLIST_FILE = YES;
				INFOPLIST_FILE = QuestionAndAnswer/Info.plist;
				INFOPLIST_KEY_UIApplicationSupportsIndirectInputEvents = YES;
				INFOPLIST_KEY_UILaunchStoryboardName = LaunchScreen;
				INFOPLIST_KEY_UIMainStoryboardFile = Main;
				INFOPLIST_KEY_UISupportedInterfaceOrientations_iPad = "UIInterfaceOrientationPortrait UIInterfaceOrientationPortraitUpsideDown UIInterfaceOrientationLandscapeLeft UIInterfaceOrientationLandscapeRight";
				INFOPLIST_KEY_UISupportedInterfaceOrientations_iPhone = "UIInterfaceOrientationPortrait UIInterfaceOrientationLandscapeLeft UIInterfaceOrientationLandscapeRight";
				LD_RUNPATH_SEARCH_PATHS = (
					"$(inherited)",
					"@executable_path/Frameworks",
				);
				MARKETING_VERSION = 1.0;
				PRODUCT_BUNDLE_IDENTIFIER = com.mastorh.QuestionAndAnswer;
				PRODUCT_NAME = "$(TARGET_NAME)";
				SWIFT_EMIT_LOC_STRINGS = YES;
				SWIFT_VERSION = 5.0;
				TARGETED_DEVICE_FAMILY = "1,2";
			};
			name = Debug;
		};
		445E917427518E1D00401468 /* Release */ = {
			isa = XCBuildConfiguration;
			buildSettings = {
				ASSETCATALOG_COMPILER_APPICON_NAME = AppIcon;
				ASSETCATALOG_COMPILER_GLOBAL_ACCENT_COLOR_NAME = AccentColor;
				CODE_SIGN_STYLE = Automatic;
				CURRENT_PROJECT_VERSION = 1;
				DEVELOPMENT_TEAM = GCZJZAFV32;
				GENERATE_INFOPLIST_FILE = YES;
				INFOPLIST_FILE = QuestionAndAnswer/Info.plist;
				INFOPLIST_KEY_UIApplicationSupportsIndirectInputEvents = YES;
				INFOPLIST_KEY_UILaunchStoryboardName = LaunchScreen;
				INFOPLIST_KEY_UIMainStoryboardFile = Main;
				INFOPLIST_KEY_UISupportedInterfaceOrientations_iPad = "UIInterfaceOrientationPortrait UIInterfaceOrientationPortraitUpsideDown UIInterfaceOrientationLandscapeLeft UIInterfaceOrientationLandscapeRight";
				INFOPLIST_KEY_UISupportedInterfaceOrientations_iPhone = "UIInterfaceOrientationPortrait UIInterfaceOrientationLandscapeLeft UIInterfaceOrientationLandscapeRight";
				LD_RUNPATH_SEARCH_PATHS = (
					"$(inherited)",
					"@executable_path/Frameworks",
				);
				MARKETING_VERSION = 1.0;
				PRODUCT_BUNDLE_IDENTIFIER = com.mastorh.QuestionAndAnswer;
				PRODUCT_NAME = "$(TARGET_NAME)";
				SWIFT_EMIT_LOC_STRINGS = YES;
				SWIFT_VERSION = 5.0;
				TARGETED_DEVICE_FAMILY = "1,2";
			};
			name = Release;
		};
/* End XCBuildConfiguration section */

/* Begin XCConfigurationList section */
		445E915927518E1C00401468 /* Build configuration list for PBXProject "QuestionAndAnswer" */ = {
			isa = XCConfigurationList;
			buildConfigurations = (
				445E917027518E1D00401468 /* Debug */,
				445E917127518E1D00401468 /* Release */,
			);
			defaultConfigurationIsVisible = 0;
			defaultConfigurationName = Release;
		};
		445E917227518E1D00401468 /* Build configuration list for PBXNativeTarget "QuestionAndAnswer" */ = {
			isa = XCConfigurationList;
			buildConfigurations = (
				445E917327518E1D00401468 /* Debug */,
				445E917427518E1D00401468 /* Release */,
			);
			defaultConfigurationIsVisible = 0;
			defaultConfigurationName = Release;
		};
/* End XCConfigurationList section */
	};
	rootObject = 445E915627518E1C00401468 /* Project object */;
}
